
Microsoft Visual Studio Solution File, Format Version 12.00
# Visual Studio 14
VisualStudioVersion = 14.0.25420.1
MinimumVisualStudioVersion = 10.0.40219.1
Project("{FAE04EC0-301F-11D3-BF4B-00C04F79EFBC}") = "Onstogram.Tests", "Onstogram.Tests\Onstogram.Tests.csproj", "{B4B4BD34-B1DB-42F9-A0D7-AB1B7040AEED}"
EndProject
Project("{FAE04EC0-301F-11D3-BF4B-00C04F79EFBC}") = "Onstogram.Model", "Onstogram.Model\Onstogram.Model.csproj", "{45BC1FC4-1E94-42E2-BFC2-B626B2806E3A}"
EndProject
Project("{FAE04EC0-301F-11D3-BF4B-00C04F79EFBC}") = "Onstogram.DataLayer.SQL", "Onstogram.DataLayer.SQL\Onstogram.DataLayer.SQL.csproj", "{F9E75441-22F0-49FE-8622-D2854FE18E2D}"
EndProject
Project("{FAE04EC0-301F-11D3-BF4B-00C04F79EFBC}") = "Onstogram.WebAPI", "Onstogram.WebAPI\Onstogram.WebAPI.csproj", "{307D85B9-715D-4CDD-96F9-7D2EA6D22F19}"
EndProject
Global
	GlobalSection(SolutionConfigurationPlatforms) = preSolution
		Debug|Any CPU = Debug|Any CPU
		Release|Any CPU = Release|Any CPU
	EndGlobalSection
	GlobalSection(ProjectConfigurationPlatforms) = postSolution
		{B4B4BD34-B1DB-42F9-A0D7-AB1B7040AEED}.Debug|Any CPU.ActiveCfg = Debug|Any CPU
		{B4B4BD34-B1DB-42F9-A0D7-AB1B7040AEED}.Debug|Any CPU.Build.0 = Debug|Any CPU
		{B4B4BD34-B1DB-42F9-A0D7-AB1B7040AEED}.Release|Any CPU.ActiveCfg = Release|Any CPU
		{B4B4BD34-B1DB-42F9-A0D7-AB1B7040AEED}.Release|Any CPU.Build.0 = Release|Any CPU
		{45BC1FC4-1E94-42E2-BFC2-B626B2806E3A}.Debug|Any CPU.ActiveCfg = Debug|Any CPU
		{45BC1FC4-1E94-42E2-BFC2-B626B2806E3A}.Debug|Any CPU.Build.0 = Debug|Any CPU
		{45BC1FC4-1E94-42E2-BFC2-B626B2806E3A}.Release|Any CPU.ActiveCfg = Release|Any CPU
		{45BC1FC4-1E94-42E2-BFC2-B626B2806E3A}.Release|Any CPU.Build.0 = Release|Any CPU
		{F9E75441-22F0-49FE-8622-D2854FE18E2D}.Debug|Any CPU.ActiveCfg = Debug|Any CPU
		{F9E75441-22F0-49FE-8622-D2854FE18E2D}.Debug|Any CPU.Build.0 = Debug|Any CPU
		{F9E75441-22F0-49FE-8622-D2854FE18E2D}.Release|Any CPU.ActiveCfg = Release|Any CPU
		{F9E75441-22F0-49FE-8622-D2854FE18E2D}.Release|Any CPU.Build.0 = Release|Any CPU
		{307D85B9-715D-4CDD-96F9-7D2EA6D22F19}.Debug|Any CPU.ActiveCfg = Debug|Any CPU
		{307D85B9-715D-4CDD-96F9-7D2EA6D22F19}.Debug|Any CPU.Build.0 = Debug|Any CPU
		{307D85B9-715D-4CDD-96F9-7D2EA6D22F19}.Release|Any CPU.ActiveCfg = Release|Any CPU
		{307D85B9-715D-4CDD-96F9-7D2EA6D22F19}.Release|Any CPU.Build.0 = Release|Any CPU
	EndGlobalSection
	GlobalSection(SolutionProperties) = preSolution
		HideSolutionNode = FALSE
	EndGlobalSection
EndGlobal
